
Microsoft Visual Studio Solution File, Format Version 12.00
# Visual Studio Version 17
VisualStudioVersion = 17.7.33711.374
MinimumVisualStudioVersion = 10.0.40219.1
Project("{54A90642-561A-4BB1-A94E-469ADEE60C69}") = "App", "App.esproj", "{CEB6912D-B180-44F8-B0DD-86A70B660883}"
EndProject
Global
	GlobalSection(SolutionConfigurationPlatforms) = preSolution
		Debug|Any CPU = Debug|Any CPU
		Release|Any CPU = Release|Any CPU
	EndGlobalSection
	GlobalSection(ProjectConfigurationPlatforms) = postSolution
		{CEB6912D-B180-44F8-B0DD-86A70B660883}.Debug|Any CPU.ActiveCfg = Debug|Any CPU
		{CEB6912D-B180-44F8-B0DD-86A70B660883}.Debug|Any CPU.Build.0 = Debug|Any CPU
		{CEB6912D-B180-44F8-B0DD-86A70B660883}.Debug|Any CPU.Deploy.0 = Debug|Any CPU
		{CEB6912D-B180-44F8-B0DD-86A70B660883}.Release|Any CPU.ActiveCfg = Release|Any CPU
		{CEB6912D-B180-44F8-B0DD-86A70B660883}.Release|Any CPU.Build.0 = Release|Any CPU
		{CEB6912D-B180-44F8-B0DD-86A70B660883}.Release|Any CPU.Deploy.0 = Release|Any CPU
	EndGlobalSection
	GlobalSection(SolutionProperties) = preSolution
		HideSolutionNode = FALSE
	EndGlobalSection
	GlobalSection(ExtensibilityGlobals) = postSolution
		SolutionGuid = {2F1BE8B4-3C8A-4932-9AA5-DB9189EC9069}
	EndGlobalSection
EndGlobal
